{
  "name": "twelveswaras-recognizer",
  "lockfileVersion": 3,
  "requires": true,
  "packages": {
    "": {
      "name": "twelveswaras-recognizer",
      "dependencies": {
        "@cloudflare/containers": "^0.0.30"
      }
    },
    "node_modules/@cloudflare/containers": {
      "version": "0.0.30",
      "resolved": "https://registry.npmjs.org/@cloudflare/containers/-/containers-0.0.30.tgz",
      "integrity": "sha512-i148xBgmyn/pje82ZIyuTr/Ae0BT/YWwa1/GTJcw6DxEjUHAzZLaBCiX446U9OeuJ2rBh/L/9FIzxX5iYNt1AQ==",
      "license": "ISC"
    }
  }
}
